// !$*UTF8*$!
{
	archiveVersion = 1;
	classes = {
	};
	objectVersion = 56;
	objects = {

/* Begin PBXBuildFile section */
		70C20CF15AF6D18C750761D3 /* MetalPreviewView.swift in Sources */ = {isa = PBXBuildFile; fileRef = 058AA3267C9661242F7E9FF2 /* MetalPreviewView.swift */; };
		APP001 /* TeleprompterApp.swift in Sources */ = {isa = PBXBuildFile; fileRef = SRC001 /* TeleprompterApp.swift */; };
		APP002 /* ContentView.swift in Sources */ = {isa = PBXBuildFile; fileRef = SRC002 /* ContentView.swift */; };
		EE82A7561ACF9D486AE7420C /* DepthBlurProcessor.swift in Sources */ = {isa = PBXBuildFile; fileRef = 9E474412F7A090EC3C26161A /* DepthBlurProcessor.swift */; };
		MDL001 /* Script.swift in Sources */ = {isa = PBXBuildFile; fileRef = SRC003 /* Script.swift */; };
		MDL002 /* TeleprompterSettings.swift in Sources */ = {isa = PBXBuildFile; fileRef = SRC004 /* TeleprompterSettings.swift */; };
		MDL003 /* CameraControls.swift in Sources */ = {isa = PBXBuildFile; fileRef = SRC020 /* CameraControls.swift */; };
		RES001 /* Assets.xcassets in Resources */ = {isa = PBXBuildFile; fileRef = RES_ASSETS /* Assets.xcassets */; };
		SVC001 /* CameraService.swift in Sources */ = {isa = PBXBuildFile; fileRef = SRC005 /* CameraService.swift */; };
		SVC002 /* TeleprompterEngine.swift in Sources */ = {isa = PBXBuildFile; fileRef = SRC006 /* TeleprompterEngine.swift */; };
		SVC003 /* ScriptStorageService.swift in Sources */ = {isa = PBXBuildFile; fileRef = SRC007 /* ScriptStorageService.swift */; };
		SVC004 /* CinematicCameraService.swift in Sources */ = {isa = PBXBuildFile; fileRef = SRC021 /* CinematicCameraService.swift */; };
		VW001 /* RecordingView.swift in Sources */ = {isa = PBXBuildFile; fileRef = SRC008 /* RecordingView.swift */; };
		VW002 /* CameraPreviewView.swift in Sources */ = {isa = PBXBuildFile; fileRef = SRC009 /* CameraPreviewView.swift */; };
		VW003 /* TeleprompterOverlay.swift in Sources */ = {isa = PBXBuildFile; fileRef = SRC010 /* TeleprompterOverlay.swift */; };
		VW004 /* RecordingControlsView.swift in Sources */ = {isa = PBXBuildFile; fileRef = SRC011 /* RecordingControlsView.swift */; };
		VW005 /* ScriptEditorView.swift in Sources */ = {isa = PBXBuildFile; fileRef = SRC012 /* ScriptEditorView.swift */; };
		VW006 /* ScriptListView.swift in Sources */ = {isa = PBXBuildFile; fileRef = SRC013 /* ScriptListView.swift */; };
		VW007 /* SettingsView.swift in Sources */ = {isa = PBXBuildFile; fileRef = SRC014 /* SettingsView.swift */; };
		VW008 /* CameraControlsOverlay.swift in Sources */ = {isa = PBXBuildFile; fileRef = SRC022 /* CameraControlsOverlay.swift */; };
		VW009 /* FocusIndicatorView.swift in Sources */ = {isa = PBXBuildFile; fileRef = SRC023 /* FocusIndicatorView.swift */; };
/* End PBXBuildFile section */

/* Begin PBXFileReference section */
		058AA3267C9661242F7E9FF2 /* MetalPreviewView.swift */ = {isa = PBXFileReference; includeInIndex = 1; lastKnownFileType = sourcecode.swift; path = MetalPreviewView.swift; sourceTree = "<group>"; };
		9E474412F7A090EC3C26161A /* DepthBlurProcessor.swift */ = {isa = PBXFileReference; includeInIndex = 1; lastKnownFileType = sourcecode.swift; path = DepthBlurProcessor.swift; sourceTree = "<group>"; };
		PRODUCT /* TeleprompterApp.app */ = {isa = PBXFileReference; explicitFileType = wrapper.application; includeInIndex = 0; path = TeleprompterApp.app; sourceTree = BUILT_PRODUCTS_DIR; };
		RES_ASSETS /* Assets.xcassets */ = {isa = PBXFileReference; lastKnownFileType = folder.assetcatalog; path = Assets.xcassets; sourceTree = "<group>"; };
		RES_INFO /* Info.plist */ = {isa = PBXFileReference; lastKnownFileType = text.plist.xml; path = Info.plist; sourceTree = "<group>"; };
		SRC001 /* TeleprompterApp.swift */ = {isa = PBXFileReference; lastKnownFileType = sourcecode.swift; path = TeleprompterApp.swift; sourceTree = "<group>"; };
		SRC002 /* ContentView.swift */ = {isa = PBXFileReference; lastKnownFileType = sourcecode.swift; path = ContentView.swift; sourceTree = "<group>"; };
		SRC003 /* Script.swift */ = {isa = PBXFileReference; lastKnownFileType = sourcecode.swift; path = Script.swift; sourceTree = "<group>"; };
		SRC004 /* TeleprompterSettings.swift */ = {isa = PBXFileReference; lastKnownFileType = sourcecode.swift; path = TeleprompterSettings.swift; sourceTree = "<group>"; };
		SRC005 /* CameraService.swift */ = {isa = PBXFileReference; lastKnownFileType = sourcecode.swift; path = CameraService.swift; sourceTree = "<group>"; };
		SRC006 /* TeleprompterEngine.swift */ = {isa = PBXFileReference; lastKnownFileType = sourcecode.swift; path = TeleprompterEngine.swift; sourceTree = "<group>"; };
		SRC007 /* ScriptStorageService.swift */ = {isa = PBXFileReference; lastKnownFileType = sourcecode.swift; path = ScriptStorageService.swift; sourceTree = "<group>"; };
		SRC008 /* RecordingView.swift */ = {isa = PBXFileReference; lastKnownFileType = sourcecode.swift; path = RecordingView.swift; sourceTree = "<group>"; };
		SRC009 /* CameraPreviewView.swift */ = {isa = PBXFileReference; lastKnownFileType = sourcecode.swift; path = CameraPreviewView.swift; sourceTree = "<group>"; };
		SRC010 /* TeleprompterOverlay.swift */ = {isa = PBXFileReference; lastKnownFileType = sourcecode.swift; path = TeleprompterOverlay.swift; sourceTree = "<group>"; };
		SRC011 /* RecordingControlsView.swift */ = {isa = PBXFileReference; lastKnownFileType = sourcecode.swift; path = RecordingControlsView.swift; sourceTree = "<group>"; };
		SRC012 /* ScriptEditorView.swift */ = {isa = PBXFileReference; lastKnownFileType = sourcecode.swift; path = ScriptEditorView.swift; sourceTree = "<group>"; };
		SRC013 /* ScriptListView.swift */ = {isa = PBXFileReference; lastKnownFileType = sourcecode.swift; path = ScriptListView.swift; sourceTree = "<group>"; };
		SRC014 /* SettingsView.swift */ = {isa = PBXFileReference; lastKnownFileType = sourcecode.swift; path = SettingsView.swift; sourceTree = "<group>"; };
		SRC020 /* CameraControls.swift */ = {isa = PBXFileReference; lastKnownFileType = sourcecode.swift; path = CameraControls.swift; sourceTree = "<group>"; };
		SRC021 /* CinematicCameraService.swift */ = {isa = PBXFileReference; lastKnownFileType = sourcecode.swift; path = CinematicCameraService.swift; sourceTree = "<group>"; };
		SRC022 /* CameraControlsOverlay.swift */ = {isa = PBXFileReference; lastKnownFileType = sourcecode.swift; path = CameraControlsOverlay.swift; sourceTree = "<group>"; };
		SRC023 /* FocusIndicatorView.swift */ = {isa = PBXFileReference; lastKnownFileType = sourcecode.swift; path = FocusIndicatorView.swift; sourceTree = "<group>"; };
/* End PBXFileReference section */

/* Begin PBXFrameworksBuildPhase section */
		FRAMEWORKS /* Frameworks */ = {
			isa = PBXFrameworksBuildPhase;
			buildActionMask = 2147483647;
			files = (
			);
			runOnlyForDeploymentPostprocessing = 0;
		};
/* End PBXFrameworksBuildPhase section */

/* Begin PBXGroup section */
		APP_GROUP /* App */ = {
			isa = PBXGroup;
			children = (
				SRC001 /* TeleprompterApp.swift */,
				SRC002 /* ContentView.swift */,
			);
			path = App;
			sourceTree = "<group>";
		};
		CAMERA_GROUP /* Camera */ = {
			isa = PBXGroup;
			children = (
				SRC005 /* CameraService.swift */,
				SRC021 /* CinematicCameraService.swift */,
				9E474412F7A090EC3C26161A /* DepthBlurProcessor.swift */,
			);
			path = Camera;
			sourceTree = "<group>";
		};
		MAIN_GROUP /* TeleprompterApp */ = {
			isa = PBXGroup;
			children = (
				APP_GROUP /* App */,
				MODELS_GROUP /* Models */,
				VIEWS_GROUP /* Views */,
				SERVICES_GROUP /* Services */,
				RESOURCES_GROUP /* Resources */,
			);
			path = TeleprompterApp;
			sourceTree = "<group>";
		};
		MODELS_GROUP /* Models */ = {
			isa = PBXGroup;
			children = (
				SRC003 /* Script.swift */,
				SRC004 /* TeleprompterSettings.swift */,
				SRC020 /* CameraControls.swift */,
			);
			path = Models;
			sourceTree = "<group>";
		};
		PERSISTENCE_GROUP /* Persistence */ = {
			isa = PBXGroup;
			children = (
				SRC007 /* ScriptStorageService.swift */,
			);
			path = Persistence;
			sourceTree = "<group>";
		};
		PRODUCTS_GROUP /* Products */ = {
			isa = PBXGroup;
			children = (
				PRODUCT /* TeleprompterApp.app */,
			);
			name = Products;
			sourceTree = "<group>";
		};
		RECORDING_GROUP /* Recording */ = {
			isa = PBXGroup;
			children = (
				SRC008 /* RecordingView.swift */,
				SRC009 /* CameraPreviewView.swift */,
				SRC010 /* TeleprompterOverlay.swift */,
				SRC011 /* RecordingControlsView.swift */,
				SRC022 /* CameraControlsOverlay.swift */,
				SRC023 /* FocusIndicatorView.swift */,
				058AA3267C9661242F7E9FF2 /* MetalPreviewView.swift */,
			);
			path = Recording;
			sourceTree = "<group>";
		};
		RESOURCES_GROUP /* Resources */ = {
			isa = PBXGroup;
			children = (
				RES_ASSETS /* Assets.xcassets */,
				RES_INFO /* Info.plist */,
			);
			path = Resources;
			sourceTree = "<group>";
		};
		ROOT_GROUP = {
			isa = PBXGroup;
			children = (
				MAIN_GROUP /* TeleprompterApp */,
				PRODUCTS_GROUP /* Products */,
			);
			sourceTree = "<group>";
		};
		SCRIPTEDITOR_GROUP /* ScriptEditor */ = {
			isa = PBXGroup;
			children = (
				SRC012 /* ScriptEditorView.swift */,
				SRC013 /* ScriptListView.swift */,
			);
			path = ScriptEditor;
			sourceTree = "<group>";
		};
		SERVICES_GROUP /* Services */ = {
			isa = PBXGroup;
			children = (
				CAMERA_GROUP /* Camera */,
				TELEPROMPTER_GROUP /* Teleprompter */,
				PERSISTENCE_GROUP /* Persistence */,
			);
			path = Services;
			sourceTree = "<group>";
		};
		SETTINGS_GROUP /* Settings */ = {
			isa = PBXGroup;
			children = (
				SRC014 /* SettingsView.swift */,
			);
			path = Settings;
			sourceTree = "<group>";
		};
		TELEPROMPTER_GROUP /* Teleprompter */ = {
			isa = PBXGroup;
			children = (
				SRC006 /* TeleprompterEngine.swift */,
			);
			path = Teleprompter;
			sourceTree = "<group>";
		};
		VIEWS_GROUP /* Views */ = {
			isa = PBXGroup;
			children = (
				RECORDING_GROUP /* Recording */,
				SCRIPTEDITOR_GROUP /* ScriptEditor */,
				SETTINGS_GROUP /* Settings */,
			);
			path = Views;
			sourceTree = "<group>";
		};
/* End PBXGroup section */

/* Begin PBXNativeTarget section */
		TARGET /* TeleprompterApp */ = {
			isa = PBXNativeTarget;
			buildConfigurationList = CONFIG_LIST /* Build configuration list for PBXNativeTarget "TeleprompterApp" */;
			buildPhases = (
				SOURCES /* Sources */,
				FRAMEWORKS /* Frameworks */,
				RESOURCES /* Resources */,
			);
			buildRules = (
			);
			dependencies = (
			);
			name = TeleprompterApp;
			productName = TeleprompterApp;
			productReference = PRODUCT /* TeleprompterApp.app */;
			productType = "com.apple.product-type.application";
		};
/* End PBXNativeTarget section */

/* Begin PBXProject section */
		PROJECT /* Project object */ = {
			isa = PBXProject;
			attributes = {
				BuildIndependentTargetsInParallel = 1;
				LastSwiftUpdateCheck = 1500;
				LastUpgradeCheck = 1500;
				TargetAttributes = {
					TARGET = {
						CreatedOnToolsVersion = 15.0;
					};
				};
			};
			buildConfigurationList = PROJECT_CONFIG_LIST /* Build configuration list for PBXProject "TeleprompterApp" */;
			compatibilityVersion = "Xcode 14.0";
			developmentRegion = en;
			hasScannedForEncodings = 0;
			knownRegions = (
				en,
				Base,
			);
			mainGroup = ROOT_GROUP;
			productRefGroup = PRODUCTS_GROUP /* Products */;
			projectDirPath = "";
			projectRoot = "";
			targets = (
				TARGET /* TeleprompterApp */,
			);
		};
/* End PBXProject section */

/* Begin PBXResourcesBuildPhase section */
		RESOURCES /* Resources */ = {
			isa = PBXResourcesBuildPhase;
			buildActionMask = 2147483647;
			files = (
				RES001 /* Assets.xcassets in Resources */,
			);
			runOnlyForDeploymentPostprocessing = 0;
		};
/* End PBXResourcesBuildPhase section */

/* Begin PBXSourcesBuildPhase section */
		SOURCES /* Sources */ = {
			isa = PBXSourcesBuildPhase;
			buildActionMask = 2147483647;
			files = (
				APP001 /* TeleprompterApp.swift in Sources */,
				APP002 /* ContentView.swift in Sources */,
				MDL001 /* Script.swift in Sources */,
				MDL002 /* TeleprompterSettings.swift in Sources */,
				MDL003 /* CameraControls.swift in Sources */,
				SVC001 /* CameraService.swift in Sources */,
				SVC002 /* TeleprompterEngine.swift in Sources */,
				SVC003 /* ScriptStorageService.swift in Sources */,
				SVC004 /* CinematicCameraService.swift in Sources */,
				VW001 /* RecordingView.swift in Sources */,
				VW002 /* CameraPreviewView.swift in Sources */,
				VW003 /* TeleprompterOverlay.swift in Sources */,
				VW004 /* RecordingControlsView.swift in Sources */,
				VW005 /* ScriptEditorView.swift in Sources */,
				VW006 /* ScriptListView.swift in Sources */,
				VW007 /* SettingsView.swift in Sources */,
				VW008 /* CameraControlsOverlay.swift in Sources */,
				VW009 /* FocusIndicatorView.swift in Sources */,
				EE82A7561ACF9D486AE7420C /* DepthBlurProcessor.swift in Sources */,
				70C20CF15AF6D18C750761D3 /* MetalPreviewView.swift in Sources */,
			);
			runOnlyForDeploymentPostprocessing = 0;
		};
/* End PBXSourcesBuildPhase section */

/* Begin XCBuildConfiguration section */
		DEBUG_PROJECT /* Debug */ = {
			isa = XCBuildConfiguration;
			buildSettings = {
				ALWAYS_SEARCH_USER_PATHS = NO;
				ASSETCATALOG_COMPILER_GENERATE_SWIFT_ASSET_SYMBOL_EXTENSIONS = YES;
				CLANG_ANALYZER_NONNULL = YES;
				CLANG_ANALYZER_NUMBER_OBJECT_CONVERSION = YES_AGGRESSIVE;
				CLANG_CXX_LANGUAGE_STANDARD = "gnu++20";
				CLANG_ENABLE_MODULES = YES;
				CLANG_ENABLE_OBJC_ARC = YES;
				CLANG_ENABLE_OBJC_WEAK = YES;
				CLANG_WARN_BLOCK_CAPTURE_AUTORELEASING = YES;
				CLANG_WARN_BOOL_CONVERSION = YES;
				CLANG_WARN_COMMA = YES;
				CLANG_WARN_CONSTANT_CONVERSION = YES;
				CLANG_WARN_DEPRECATED_OBJC_IMPLEMENTATIONS = YES;
				CLANG_WARN_DIRECT_OBJC_ISA_USAGE = YES_ERROR;
				CLANG_WARN_DOCUMENTATION_COMMENTS = YES;
				CLANG_WARN_EMPTY_BODY = YES;
				CLANG_WARN_ENUM_CONVERSION = YES;
				CLANG_WARN_INFINITE_RECURSION = YES;
				CLANG_WARN_INT_CONVERSION = YES;
				CLANG_WARN_NON_LITERAL_NULL_CONVERSION = YES;
				CLANG_WARN_OBJC_IMPLICIT_RETAIN_SELF = YES;
				CLANG_WARN_OBJC_LITERAL_CONVERSION = YES;
				CLANG_WARN_OBJC_ROOT_CLASS = YES_ERROR;
				CLANG_WARN_QUOTED_INCLUDE_IN_FRAMEWORK_HEADER = YES;
				CLANG_WARN_RANGE_LOOP_ANALYSIS = YES;
				CLANG_WARN_STRICT_PROTOTYPES = YES;
				CLANG_WARN_SUSPICIOUS_MOVE = YES;
				CLANG_WARN_UNGUARDED_AVAILABILITY = YES_AGGRESSIVE;
				CLANG_WARN_UNREACHABLE_CODE = YES;
				CLANG_WARN__DUPLICATE_METHOD_MATCH = YES;
				COPY_PHASE_STRIP = NO;
				DEBUG_INFORMATION_FORMAT = dwarf;
				ENABLE_STRICT_OBJC_MSGSEND = YES;
				ENABLE_TESTABILITY = YES;
				ENABLE_USER_SCRIPT_SANDBOXING = YES;
				GCC_C_LANGUAGE_STANDARD = gnu17;
				GCC_DYNAMIC_NO_PIC = NO;
				GCC_NO_COMMON_BLOCKS = YES;
				GCC_OPTIMIZATION_LEVEL = 0;
				GCC_PREPROCESSOR_DEFINITIONS = (
					"DEBUG=1",
					"$(inherited)",
				);
				GCC_WARN_64_TO_32_BIT_CONVERSION = YES;
				GCC_WARN_ABOUT_RETURN_TYPE = YES_ERROR;
				GCC_WARN_UNDECLARED_SELECTOR = YES;
				GCC_WARN_UNINITIALIZED_AUTOS = YES_AGGRESSIVE;
				GCC_WARN_UNUSED_FUNCTION = YES;
				GCC_WARN_UNUSED_VARIABLE = YES;
				IPHONEOS_DEPLOYMENT_TARGET = 17.0;
				LOCALIZATION_PREFERS_STRING_CATALOGS = YES;
				MTL_ENABLE_DEBUG_INFO = INCLUDE_SOURCE;
				MTL_FAST_MATH = YES;
				ONLY_ACTIVE_ARCH = YES;
				SDKROOT = iphoneos;
				SWIFT_ACTIVE_COMPILATION_CONDITIONS = "DEBUG $(inherited)";
				SWIFT_OPTIMIZATION_LEVEL = "-Onone";
			};
			name = Debug;
		};
		DEBUG_TARGET /* Debug */ = {
			isa = XCBuildConfiguration;
			buildSettings = {
				ASSETCATALOG_COMPILER_APPICON_NAME = AppIcon;
				ASSETCATALOG_COMPILER_GLOBAL_ACCENT_COLOR_NAME = AccentColor;
				CODE_SIGN_STYLE = Automatic;
				CURRENT_PROJECT_VERSION = 16;
				DEVELOPMENT_ASSET_PATHS = "";
				DEVELOPMENT_TEAM = A8DGL4UP7K;
				ENABLE_PREVIEWS = YES;
				GENERATE_INFOPLIST_FILE = YES;
				INFOPLIST_FILE = TeleprompterApp/Resources/Info.plist;
				INFOPLIST_KEY_CFBundleDisplayName = GoPrompt;
				INFOPLIST_KEY_ITSAppUsesNonExemptEncryption = NO;
				INFOPLIST_KEY_LSApplicationCategoryType = "public.app-category.utilities";
				INFOPLIST_KEY_NSCameraUsageDescription = "We need camera access to record your video while using the teleprompter.";
				INFOPLIST_KEY_NSMicrophoneUsageDescription = "We need microphone access to record audio with your video.";
				INFOPLIST_KEY_NSPhotoLibraryAddUsageDescription = "We need permission to save your recorded videos to your photo library.";
				INFOPLIST_KEY_UIApplicationSceneManifest_Generation = YES;
				INFOPLIST_KEY_UIApplicationSupportsIndirectInputEvents = YES;
				INFOPLIST_KEY_UIStatusBarStyle = UIStatusBarStyleLightContent;
				INFOPLIST_KEY_UISupportedInterfaceOrientations = UIInterfaceOrientationPortrait;
				INFOPLIST_KEY_UISupportedInterfaceOrientations_iPad = "UIInterfaceOrientationPortrait UIInterfaceOrientationPortraitUpsideDown";
				LD_RUNPATH_SEARCH_PATHS = (
					"$(inherited)",
					"@executable_path/Frameworks",
				);
				MARKETING_VERSION = 1.0;
				PRODUCT_BUNDLE_IDENTIFIER = com.teleprompter1900.app;
				PRODUCT_NAME = "$(TARGET_NAME)";
				SWIFT_EMIT_LOC_STRINGS = YES;
				SWIFT_VERSION = 5.0;
				TARGETED_DEVICE_FAMILY = "1,2";
			};
			name = Debug;
		};
		RELEASE_PROJECT /* Release */ = {
			isa = XCBuildConfiguration;
			buildSettings = {
				ALWAYS_SEARCH_USER_PATHS = NO;
				ASSETCATALOG_COMPILER_GENERATE_SWIFT_ASSET_SYMBOL_EXTENSIONS = YES;
				CLANG_ANALYZER_NONNULL = YES;
				CLANG_ANALYZER_NUMBER_OBJECT_CONVERSION = YES_AGGRESSIVE;
				CLANG_CXX_LANGUAGE_STANDARD = "gnu++20";
				CLANG_ENABLE_MODULES = YES;
				CLANG_ENABLE_OBJC_ARC = YES;
				CLANG_ENABLE_OBJC_WEAK = YES;
				CLANG_WARN_BLOCK_CAPTURE_AUTORELEASING = YES;
				CLANG_WARN_BOOL_CONVERSION = YES;
				CLANG_WARN_COMMA = YES;
				CLANG_WARN_CONSTANT_CONVERSION = YES;
				CLANG_WARN_DEPRECATED_OBJC_IMPLEMENTATIONS = YES;
				CLANG_WARN_DIRECT_OBJC_ISA_USAGE = YES_ERROR;
				CLANG_WARN_DOCUMENTATION_COMMENTS = YES;
				CLANG_WARN_EMPTY_BODY = YES;
				CLANG_WARN_ENUM_CONVERSION = YES;
				CLANG_WARN_INFINITE_RECURSION = YES;
				CLANG_WARN_INT_CONVERSION = YES;
				CLANG_WARN_NON_LITERAL_NULL_CONVERSION = YES;
				CLANG_WARN_OBJC_IMPLICIT_RETAIN_SELF = YES;
				CLANG_WARN_OBJC_LITERAL_CONVERSION = YES;
				CLANG_WARN_OBJC_ROOT_CLASS = YES_ERROR;
				CLANG_WARN_QUOTED_INCLUDE_IN_FRAMEWORK_HEADER = YES;
				CLANG_WARN_RANGE_LOOP_ANALYSIS = YES;
				CLANG_WARN_STRICT_PROTOTYPES = YES;
				CLANG_WARN_SUSPICIOUS_MOVE = YES;
				CLANG_WARN_UNGUARDED_AVAILABILITY = YES_AGGRESSIVE;
				CLANG_WARN_UNREACHABLE_CODE = YES;
				CLANG_WARN__DUPLICATE_METHOD_MATCH = YES;
				COPY_PHASE_STRIP = NO;
				DEBUG_INFORMATION_FORMAT = "dwarf-with-dsym";
				ENABLE_NS_ASSERTIONS = NO;
				ENABLE_STRICT_OBJC_MSGSEND = YES;
				ENABLE_USER_SCRIPT_SANDBOXING = YES;
				GCC_C_LANGUAGE_STANDARD = gnu17;
				GCC_NO_COMMON_BLOCKS = YES;
				GCC_WARN_64_TO_32_BIT_CONVERSION = YES;
				GCC_WARN_ABOUT_RETURN_TYPE = YES_ERROR;
				GCC_WARN_UNDECLARED_SELECTOR = YES;
				GCC_WARN_UNINITIALIZED_AUTOS = YES_AGGRESSIVE;
				GCC_WARN_UNUSED_FUNCTION = YES;
				GCC_WARN_UNUSED_VARIABLE = YES;
				IPHONEOS_DEPLOYMENT_TARGET = 17.0;
				LOCALIZATION_PREFERS_STRING_CATALOGS = YES;
				MTL_ENABLE_DEBUG_INFO = NO;
				MTL_FAST_MATH = YES;
				SDKROOT = iphoneos;
				SWIFT_COMPILATION_MODE = wholemodule;
				VALIDATE_PRODUCT = YES;
			};
			name = Release;
		};
		RELEASE_TARGET /* Release */ = {
			isa = XCBuildConfiguration;
			buildSettings = {
				ASSETCATALOG_COMPILER_APPICON_NAME = AppIcon;
				ASSETCATALOG_COMPILER_GLOBAL_ACCENT_COLOR_NAME = AccentColor;
				CODE_SIGN_STYLE = Automatic;
				CURRENT_PROJECT_VERSION = 16;
				DEVELOPMENT_ASSET_PATHS = "";
				DEVELOPMENT_TEAM = A8DGL4UP7K;
				ENABLE_PREVIEWS = YES;
				GENERATE_INFOPLIST_FILE = YES;
				INFOPLIST_FILE = TeleprompterApp/Resources/Info.plist;
				INFOPLIST_KEY_CFBundleDisplayName = GoPrompt;
				INFOPLIST_KEY_ITSAppUsesNonExemptEncryption = NO;
				INFOPLIST_KEY_LSApplicationCategoryType = "public.app-category.utilities";
				INFOPLIST_KEY_NSCameraUsageDescription = "We need camera access to record your video while using the teleprompter.";
				INFOPLIST_KEY_NSMicrophoneUsageDescription = "We need microphone access to record audio with your video.";
				INFOPLIST_KEY_NSPhotoLibraryAddUsageDescription = "We need permission to save your recorded videos to your photo library.";
				INFOPLIST_KEY_UIApplicationSceneManifest_Generation = YES;
				INFOPLIST_KEY_UIApplicationSupportsIndirectInputEvents = YES;
				INFOPLIST_KEY_UIStatusBarStyle = UIStatusBarStyleLightContent;
				INFOPLIST_KEY_UISupportedInterfaceOrientations = UIInterfaceOrientationPortrait;
				INFOPLIST_KEY_UISupportedInterfaceOrientations_iPad = "UIInterfaceOrientationPortrait UIInterfaceOrientationPortraitUpsideDown";
				LD_RUNPATH_SEARCH_PATHS = (
					"$(inherited)",
					"@executable_path/Frameworks",
				);
				MARKETING_VERSION = 1.0;
				PRODUCT_BUNDLE_IDENTIFIER = com.teleprompter1900.app;
				PRODUCT_NAME = "$(TARGET_NAME)";
				SWIFT_EMIT_LOC_STRINGS = YES;
				SWIFT_VERSION = 5.0;
				TARGETED_DEVICE_FAMILY = "1,2";
			};
			name = Release;
		};
/* End XCBuildConfiguration section */

/* Begin XCConfigurationList section */
		CONFIG_LIST /* Build configuration list for PBXNativeTarget "TeleprompterApp" */ = {
			isa = XCConfigurationList;
			buildConfigurations = (
				DEBUG_TARGET /* Debug */,
				RELEASE_TARGET /* Release */,
			);
			defaultConfigurationIsVisible = 0;
			defaultConfigurationName = Release;
		};
		PROJECT_CONFIG_LIST /* Build configuration list for PBXProject "TeleprompterApp" */ = {
			isa = XCConfigurationList;
			buildConfigurations = (
				DEBUG_PROJECT /* Debug */,
				RELEASE_PROJECT /* Release */,
			);
			defaultConfigurationIsVisible = 0;
			defaultConfigurationName = Release;
		};
/* End XCConfigurationList section */
	};
	rootObject = PROJECT /* Project object */;
}
